
Microsoft Visual Studio Solution File, Format Version 12.00
# Visual Studio 14
VisualStudioVersion = 14.0.25420.1
MinimumVisualStudioVersion = 10.0.40219.1
Project("{FAE04EC0-301F-11D3-BF4B-00C04F79EFBC}") = "Translations", "Translations\Translations.csproj", "{B3B7D798-3D52-47F0-B1A7-A91BC5FE184F}"
EndProject
Project("{FAE04EC0-301F-11D3-BF4B-00C04F79EFBC}") = "CommandLine", "CommandLine\CommandLine.csproj", "{F8B125EE-F4BD-4E4E-8CE4-383B9567EED5}"
	ProjectSection(ProjectDependencies) = postProject
		{582AEB3C-84E7-4052-A631-B4EA716C5F72} = {582AEB3C-84E7-4052-A631-B4EA716C5F72}
		{B3B7D798-3D52-47F0-B1A7-A91BC5FE184F} = {B3B7D798-3D52-47F0-B1A7-A91BC5FE184F}
	EndProjectSection
EndProject
Project("{FAE04EC0-301F-11D3-BF4B-00C04F79EFBC}") = "Common", "Common\Common.csproj", "{582AEB3C-84E7-4052-A631-B4EA716C5F72}"
EndProject
Project("{2150E333-8FDC-42A3-9474-1A3956D46DE8}") = "libs", "libs", "{609434BB-848D-493A-BBA9-FEB8C343DF3A}"
EndProject
Project("{2150E333-8FDC-42A3-9474-1A3956D46DE8}") = "plugins", "plugins", "{A01EADCC-0192-4D21-87DB-8BD64240E8CA}"
EndProject
Project("{2150E333-8FDC-42A3-9474-1A3956D46DE8}") = "model", "model", "{ED859AD0-09F2-4F29-B914-5FBCF8ABC6D4}"
EndProject
Project("{2150E333-8FDC-42A3-9474-1A3956D46DE8}") = "view", "view", "{F58F76EC-CCF7-4236-95F3-2F1394FC09CA}"
EndProject
Project("{FAE04EC0-301F-11D3-BF4B-00C04F79EFBC}") = "GUI", "GUI\GUI.csproj", "{A2918CE1-6894-4FC9-A864-4651769D0274}"
EndProject
Project("{2150E333-8FDC-42A3-9474-1A3956D46DE8}") = "languages", "languages", "{BECC12B3-3CDF-4A1E-87DB-AA56875429DE}"
EndProject
Project("{FAE04EC0-301F-11D3-BF4B-00C04F79EFBC}") = "Core", "Core\Core.csproj", "{8CF10505-3C2E-4E45-AB90-21613237B412}"
EndProject
Project("{FAE04EC0-301F-11D3-BF4B-00C04F79EFBC}") = "DiagramEditor", "DiagramEditor\DiagramEditor.csproj", "{F52A7548-E60A-485B-9C84-1D2871416DB7}"
EndProject
Project("{FAE04EC0-301F-11D3-BF4B-00C04F79EFBC}") = "Java", "Java\Java.csproj", "{255565B1-3246-4184-9F71-19178FE0BA65}"
EndProject
Project("{FAE04EC0-301F-11D3-BF4B-00C04F79EFBC}") = "CSharp", "CSharp\CSharp.csproj", "{755B2714-62DB-419C-9097-49C08439E7E3}"
EndProject
Project("{FAE04EC0-301F-11D3-BF4B-00C04F79EFBC}") = "AssemblyCSharpImport", "AssemblyCSharpImport\AssemblyCSharpImport.csproj", "{88605D35-9E31-47CC-B6A2-45E6381D52B9}"
EndProject
Project("{FAE04EC0-301F-11D3-BF4B-00C04F79EFBC}") = "CodeGenerator", "CodeGenerator\CodeGenerator.csproj", "{BE60D62D-E757-44F4-A342-5388742F5986}"
EndProject
Project("{FAE04EC0-301F-11D3-BF4B-00C04F79EFBC}") = "PDFExport", "PDFExport\PDFExport.csproj", "{53E9092C-848E-4D6A-9E8A-2ECD71BAEF04}"
EndProject
Project("{FAE04EC0-301F-11D3-BF4B-00C04F79EFBC}") = "NReflect", "..\lib\NReflect_v0.9.4_src\NReflect\NReflect.csproj", "{760AF36D-9463-491D-9FD0-B9C429D8030C}"
EndProject
Project("{FAE04EC0-301F-11D3-BF4B-00C04F79EFBC}") = "NStub.Core", "..\lib\NStub\NStub.Core\NStub.Core.csproj", "{7A2B767A-715C-480D-A4CF-0510A5052C7D}"
EndProject
Project("{FAE04EC0-301F-11D3-BF4B-00C04F79EFBC}") = "NStub.CSharp", "..\lib\NStub\NStub.CSharp\NStub.CSharp.csproj", "{20A2C8B8-3C1E-47C4-AC56-277476293B62}"
EndProject
Global
	GlobalSection(SolutionConfigurationPlatforms) = preSolution
		Debug|Any CPU = Debug|Any CPU
		Debug|Mixed Platforms = Debug|Mixed Platforms
		Debug|x86 = Debug|x86
		Release|Any CPU = Release|Any CPU
		Release|Mixed Platforms = Release|Mixed Platforms
		Release|x86 = Release|x86
	EndGlobalSection
	GlobalSection(ProjectConfigurationPlatforms) = postSolution
		{B3B7D798-3D52-47F0-B1A7-A91BC5FE184F}.Debug|Any CPU.ActiveCfg = Debug|Any CPU
		{B3B7D798-3D52-47F0-B1A7-A91BC5FE184F}.Debug|Any CPU.Build.0 = Debug|Any CPU
		{B3B7D798-3D52-47F0-B1A7-A91BC5FE184F}.Debug|Mixed Platforms.ActiveCfg = Debug|Any CPU
		{B3B7D798-3D52-47F0-B1A7-A91BC5FE184F}.Debug|Mixed Platforms.Build.0 = Debug|Any CPU
		{B3B7D798-3D52-47F0-B1A7-A91BC5FE184F}.Debug|x86.ActiveCfg = Debug|Any CPU
		{B3B7D798-3D52-47F0-B1A7-A91BC5FE184F}.Release|Any CPU.ActiveCfg = Release|Any CPU
		{B3B7D798-3D52-47F0-B1A7-A91BC5FE184F}.Release|Any CPU.Build.0 = Release|Any CPU
		{B3B7D798-3D52-47F0-B1A7-A91BC5FE184F}.Release|Mixed Platforms.ActiveCfg = Release|Any CPU
		{B3B7D798-3D52-47F0-B1A7-A91BC5FE184F}.Release|Mixed Platforms.Build.0 = Release|Any CPU
		{B3B7D798-3D52-47F0-B1A7-A91BC5FE184F}.Release|x86.ActiveCfg = Release|Any CPU
		{F8B125EE-F4BD-4E4E-8CE4-383B9567EED5}.Debug|Any CPU.ActiveCfg = Debug|Any CPU
		{F8B125EE-F4BD-4E4E-8CE4-383B9567EED5}.Debug|Any CPU.Build.0 = Debug|Any CPU
		{F8B125EE-F4BD-4E4E-8CE4-383B9567EED5}.Debug|Mixed Platforms.ActiveCfg = Debug|Any CPU
		{F8B125EE-F4BD-4E4E-8CE4-383B9567EED5}.Debug|Mixed Platforms.Build.0 = Debug|Any CPU
		{F8B125EE-F4BD-4E4E-8CE4-383B9567EED5}.Debug|x86.ActiveCfg = Debug|Any CPU
		{F8B125EE-F4BD-4E4E-8CE4-383B9567EED5}.Release|Any CPU.ActiveCfg = Release|Any CPU
		{F8B125EE-F4BD-4E4E-8CE4-383B9567EED5}.Release|Any CPU.Build.0 = Release|Any CPU
		{F8B125EE-F4BD-4E4E-8CE4-383B9567EED5}.Release|Mixed Platforms.ActiveCfg = Release|Any CPU
		{F8B125EE-F4BD-4E4E-8CE4-383B9567EED5}.Release|Mixed Platforms.Build.0 = Release|Any CPU
		{F8B125EE-F4BD-4E4E-8CE4-383B9567EED5}.Release|x86.ActiveCfg = Release|Any CPU
		{582AEB3C-84E7-4052-A631-B4EA716C5F72}.Debug|Any CPU.ActiveCfg = Debug|Any CPU
		{582AEB3C-84E7-4052-A631-B4EA716C5F72}.Debug|Any CPU.Build.0 = Debug|Any CPU
		{582AEB3C-84E7-4052-A631-B4EA716C5F72}.Debug|Mixed Platforms.ActiveCfg = Debug|Any CPU
		{582AEB3C-84E7-4052-A631-B4EA716C5F72}.Debug|Mixed Platforms.Build.0 = Debug|Any CPU
		{582AEB3C-84E7-4052-A631-B4EA716C5F72}.Debug|x86.ActiveCfg = Debug|Any CPU
		{582AEB3C-84E7-4052-A631-B4EA716C5F72}.Release|Any CPU.ActiveCfg = Release|Any CPU
		{582AEB3C-84E7-4052-A631-B4EA716C5F72}.Release|Any CPU.Build.0 = Release|Any CPU
		{582AEB3C-84E7-4052-A631-B4EA716C5F72}.Release|Mixed Platforms.ActiveCfg = Release|Any CPU
		{582AEB3C-84E7-4052-A631-B4EA716C5F72}.Release|Mixed Platforms.Build.0 = Release|Any CPU
		{582AEB3C-84E7-4052-A631-B4EA716C5F72}.Release|x86.ActiveCfg = Release|Any CPU
		{A2918CE1-6894-4FC9-A864-4651769D0274}.Debug|Any CPU.ActiveCfg = Debug|Any CPU
		{A2918CE1-6894-4FC9-A864-4651769D0274}.Debug|Any CPU.Build.0 = Debug|Any CPU
		{A2918CE1-6894-4FC9-A864-4651769D0274}.Debug|Mixed Platforms.ActiveCfg = Debug|Any CPU
		{A2918CE1-6894-4FC9-A864-4651769D0274}.Debug|Mixed Platforms.Build.0 = Debug|Any CPU
		{A2918CE1-6894-4FC9-A864-4651769D0274}.Debug|x86.ActiveCfg = Debug|Any CPU
		{A2918CE1-6894-4FC9-A864-4651769D0274}.Release|Any CPU.ActiveCfg = Release|Any CPU
		{A2918CE1-6894-4FC9-A864-4651769D0274}.Release|Any CPU.Build.0 = Release|Any CPU
		{A2918CE1-6894-4FC9-A864-4651769D0274}.Release|Mixed Platforms.ActiveCfg = Release|Any CPU
		{A2918CE1-6894-4FC9-A864-4651769D0274}.Release|Mixed Platforms.Build.0 = Release|Any CPU
		{A2918CE1-6894-4FC9-A864-4651769D0274}.Release|x86.ActiveCfg = Release|Any CPU
		{8CF10505-3C2E-4E45-AB90-21613237B412}.Debug|Any CPU.ActiveCfg = Debug|Any CPU
		{8CF10505-3C2E-4E45-AB90-21613237B412}.Debug|Any CPU.Build.0 = Debug|Any CPU
		{8CF10505-3C2E-4E45-AB90-21613237B412}.Debug|Mixed Platforms.ActiveCfg = Debug|Any CPU
		{8CF10505-3C2E-4E45-AB90-21613237B412}.Debug|Mixed Platforms.Build.0 = Debug|Any CPU
		{8CF10505-3C2E-4E45-AB90-21613237B412}.Debug|x86.ActiveCfg = Debug|Any CPU
		{8CF10505-3C2E-4E45-AB90-21613237B412}.Release|Any CPU.ActiveCfg = Release|Any CPU
		{8CF10505-3C2E-4E45-AB90-21613237B412}.Release|Any CPU.Build.0 = Release|Any CPU
		{8CF10505-3C2E-4E45-AB90-21613237B412}.Release|Mixed Platforms.ActiveCfg = Release|Any CPU
		{8CF10505-3C2E-4E45-AB90-21613237B412}.Release|Mixed Platforms.Build.0 = Release|Any CPU
		{8CF10505-3C2E-4E45-AB90-21613237B412}.Release|x86.ActiveCfg = Release|Any CPU
		{F52A7548-E60A-485B-9C84-1D2871416DB7}.Debug|Any CPU.ActiveCfg = Debug|Any CPU
		{F52A7548-E60A-485B-9C84-1D2871416DB7}.Debug|Any CPU.Build.0 = Debug|Any CPU
		{F52A7548-E60A-485B-9C84-1D2871416DB7}.Debug|Mixed Platforms.ActiveCfg = Debug|Any CPU
		{F52A7548-E60A-485B-9C84-1D2871416DB7}.Debug|Mixed Platforms.Build.0 = Debug|Any CPU
		{F52A7548-E60A-485B-9C84-1D2871416DB7}.Debug|x86.ActiveCfg = Debug|Any CPU
		{F52A7548-E60A-485B-9C84-1D2871416DB7}.Release|Any CPU.ActiveCfg = Release|Any CPU
		{F52A7548-E60A-485B-9C84-1D2871416DB7}.Release|Any CPU.Build.0 = Release|Any CPU
		{F52A7548-E60A-485B-9C84-1D2871416DB7}.Release|Mixed Platforms.ActiveCfg = Release|Any CPU
		{F52A7548-E60A-485B-9C84-1D2871416DB7}.Release|Mixed Platforms.Build.0 = Release|Any CPU
		{F52A7548-E60A-485B-9C84-1D2871416DB7}.Release|x86.ActiveCfg = Release|Any CPU
		{255565B1-3246-4184-9F71-19178FE0BA65}.Debug|Any CPU.ActiveCfg = Debug|Any CPU
		{255565B1-3246-4184-9F71-19178FE0BA65}.Debug|Any CPU.Build.0 = Debug|Any CPU
		{255565B1-3246-4184-9F71-19178FE0BA65}.Debug|Mixed Platforms.ActiveCfg = Debug|Any CPU
		{255565B1-3246-4184-9F71-19178FE0BA65}.Debug|Mixed Platforms.Build.0 = Debug|Any CPU
		{255565B1-3246-4184-9F71-19178FE0BA65}.Debug|x86.ActiveCfg = Debug|Any CPU
		{255565B1-3246-4184-9F71-19178FE0BA65}.Release|Any CPU.ActiveCfg = Release|Any CPU
		{255565B1-3246-4184-9F71-19178FE0BA65}.Release|Any CPU.Build.0 = Release|Any CPU
		{255565B1-3246-4184-9F71-19178FE0BA65}.Release|Mixed Platforms.ActiveCfg = Release|Any CPU
		{255565B1-3246-4184-9F71-19178FE0BA65}.Release|Mixed Platforms.Build.0 = Release|Any CPU
		{255565B1-3246-4184-9F71-19178FE0BA65}.Release|x86.ActiveCfg = Release|Any CPU
		{755B2714-62DB-419C-9097-49C08439E7E3}.Debug|Any CPU.ActiveCfg = Debug|Any CPU
		{755B2714-62DB-419C-9097-49C08439E7E3}.Debug|Any CPU.Build.0 = Debug|Any CPU
		{755B2714-62DB-419C-9097-49C08439E7E3}.Debug|Mixed Platforms.ActiveCfg = Debug|Any CPU
		{755B2714-62DB-419C-9097-49C08439E7E3}.Debug|Mixed Platforms.Build.0 = Debug|Any CPU
		{755B2714-62DB-419C-9097-49C08439E7E3}.Debug|x86.ActiveCfg = Debug|Any CPU
		{755B2714-62DB-419C-9097-49C08439E7E3}.Release|Any CPU.ActiveCfg = Release|Any CPU
		{755B2714-62DB-419C-9097-49C08439E7E3}.Release|Any CPU.Build.0 = Release|Any CPU
		{755B2714-62DB-419C-9097-49C08439E7E3}.Release|Mixed Platforms.ActiveCfg = Release|Any CPU
		{755B2714-62DB-419C-9097-49C08439E7E3}.Release|Mixed Platforms.Build.0 = Release|Any CPU
		{755B2714-62DB-419C-9097-49C08439E7E3}.Release|x86.ActiveCfg = Release|Any CPU
		{88605D35-9E31-47CC-B6A2-45E6381D52B9}.Debug|Any CPU.ActiveCfg = Debug|Any CPU
		{88605D35-9E31-47CC-B6A2-45E6381D52B9}.Debug|Any CPU.Build.0 = Debug|Any CPU
		{88605D35-9E31-47CC-B6A2-45E6381D52B9}.Debug|Mixed Platforms.ActiveCfg = Debug|Any CPU
		{88605D35-9E31-47CC-B6A2-45E6381D52B9}.Debug|Mixed Platforms.Build.0 = Debug|Any CPU
		{88605D35-9E31-47CC-B6A2-45E6381D52B9}.Debug|x86.ActiveCfg = Debug|Any CPU
		{88605D35-9E31-47CC-B6A2-45E6381D52B9}.Release|Any CPU.ActiveCfg = Release|Any CPU
		{88605D35-9E31-47CC-B6A2-45E6381D52B9}.Release|Any CPU.Build.0 = Release|Any CPU
		{88605D35-9E31-47CC-B6A2-45E6381D52B9}.Release|Mixed Platforms.ActiveCfg = Release|Any CPU
		{88605D35-9E31-47CC-B6A2-45E6381D52B9}.Release|Mixed Platforms.Build.0 = Release|Any CPU
		{88605D35-9E31-47CC-B6A2-45E6381D52B9}.Release|x86.ActiveCfg = Release|Any CPU
		{BE60D62D-E757-44F4-A342-5388742F5986}.Debug|Any CPU.ActiveCfg = Debug|Any CPU
		{BE60D62D-E757-44F4-A342-5388742F5986}.Debug|Any CPU.Build.0 = Debug|Any CPU
		{BE60D62D-E757-44F4-A342-5388742F5986}.Debug|Mixed Platforms.ActiveCfg = Debug|Any CPU
		{BE60D62D-E757-44F4-A342-5388742F5986}.Debug|Mixed Platforms.Build.0 = Debug|Any CPU
		{BE60D62D-E757-44F4-A342-5388742F5986}.Debug|x86.ActiveCfg = Debug|Any CPU
		{BE60D62D-E757-44F4-A342-5388742F5986}.Release|Any CPU.ActiveCfg = Release|Any CPU
		{BE60D62D-E757-44F4-A342-5388742F5986}.Release|Any CPU.Build.0 = Release|Any CPU
		{BE60D62D-E757-44F4-A342-5388742F5986}.Release|Mixed Platforms.ActiveCfg = Release|Any CPU
		{BE60D62D-E757-44F4-A342-5388742F5986}.Release|Mixed Platforms.Build.0 = Release|Any CPU
		{BE60D62D-E757-44F4-A342-5388742F5986}.Release|x86.ActiveCfg = Release|Any CPU
		{53E9092C-848E-4D6A-9E8A-2ECD71BAEF04}.Debug|Any CPU.ActiveCfg = Debug|Any CPU
		{53E9092C-848E-4D6A-9E8A-2ECD71BAEF04}.Debug|Any CPU.Build.0 = Debug|Any CPU
		{53E9092C-848E-4D6A-9E8A-2ECD71BAEF04}.Debug|Mixed Platforms.ActiveCfg = Debug|Any CPU
		{53E9092C-848E-4D6A-9E8A-2ECD71BAEF04}.Debug|Mixed Platforms.Build.0 = Debug|Any CPU
		{53E9092C-848E-4D6A-9E8A-2ECD71BAEF04}.Debug|x86.ActiveCfg = Debug|Any CPU
		{53E9092C-848E-4D6A-9E8A-2ECD71BAEF04}.Release|Any CPU.ActiveCfg = Release|Any CPU
		{53E9092C-848E-4D6A-9E8A-2ECD71BAEF04}.Release|Any CPU.Build.0 = Release|Any CPU
		{53E9092C-848E-4D6A-9E8A-2ECD71BAEF04}.Release|Mixed Platforms.ActiveCfg = Release|Any CPU
		{53E9092C-848E-4D6A-9E8A-2ECD71BAEF04}.Release|Mixed Platforms.Build.0 = Release|Any CPU
		{53E9092C-848E-4D6A-9E8A-2ECD71BAEF04}.Release|x86.ActiveCfg = Release|Any CPU
		{760AF36D-9463-491D-9FD0-B9C429D8030C}.Debug|Any CPU.ActiveCfg = Debug|Any CPU
		{760AF36D-9463-491D-9FD0-B9C429D8030C}.Debug|Any CPU.Build.0 = Debug|Any CPU
		{760AF36D-9463-491D-9FD0-B9C429D8030C}.Debug|Mixed Platforms.ActiveCfg = Debug|Any CPU
		{760AF36D-9463-491D-9FD0-B9C429D8030C}.Debug|Mixed Platforms.Build.0 = Debug|Any CPU
		{760AF36D-9463-491D-9FD0-B9C429D8030C}.Debug|x86.ActiveCfg = Debug|Any CPU
		{760AF36D-9463-491D-9FD0-B9C429D8030C}.Release|Any CPU.ActiveCfg = Release|Any CPU
		{760AF36D-9463-491D-9FD0-B9C429D8030C}.Release|Any CPU.Build.0 = Release|Any CPU
		{760AF36D-9463-491D-9FD0-B9C429D8030C}.Release|Mixed Platforms.ActiveCfg = Release|Any CPU
		{760AF36D-9463-491D-9FD0-B9C429D8030C}.Release|Mixed Platforms.Build.0 = Release|Any CPU
		{760AF36D-9463-491D-9FD0-B9C429D8030C}.Release|x86.ActiveCfg = Release|Any CPU
		{7A2B767A-715C-480D-A4CF-0510A5052C7D}.Debug|Any CPU.ActiveCfg = Debug|Any CPU
		{7A2B767A-715C-480D-A4CF-0510A5052C7D}.Debug|Any CPU.Build.0 = Debug|Any CPU
		{7A2B767A-715C-480D-A4CF-0510A5052C7D}.Debug|Mixed Platforms.ActiveCfg = Debug|Any CPU
		{7A2B767A-715C-480D-A4CF-0510A5052C7D}.Debug|Mixed Platforms.Build.0 = Debug|Any CPU
		{7A2B767A-715C-480D-A4CF-0510A5052C7D}.Debug|x86.ActiveCfg = Debug|Any CPU
		{7A2B767A-715C-480D-A4CF-0510A5052C7D}.Release|Any CPU.ActiveCfg = Release|Any CPU
		{7A2B767A-715C-480D-A4CF-0510A5052C7D}.Release|Any CPU.Build.0 = Release|Any CPU
		{7A2B767A-715C-480D-A4CF-0510A5052C7D}.Release|Mixed Platforms.ActiveCfg = Release|Any CPU
		{7A2B767A-715C-480D-A4CF-0510A5052C7D}.Release|Mixed Platforms.Build.0 = Release|Any CPU
		{7A2B767A-715C-480D-A4CF-0510A5052C7D}.Release|x86.ActiveCfg = Release|Any CPU
		{20A2C8B8-3C1E-47C4-AC56-277476293B62}.Debug|Any CPU.ActiveCfg = Debug|Any CPU
		{20A2C8B8-3C1E-47C4-AC56-277476293B62}.Debug|Any CPU.Build.0 = Debug|Any CPU
		{20A2C8B8-3C1E-47C4-AC56-277476293B62}.Debug|Mixed Platforms.ActiveCfg = Debug|Any CPU
		{20A2C8B8-3C1E-47C4-AC56-277476293B62}.Debug|Mixed Platforms.Build.0 = Debug|Any CPU
		{20A2C8B8-3C1E-47C4-AC56-277476293B62}.Debug|x86.ActiveCfg = Debug|Any CPU
		{20A2C8B8-3C1E-47C4-AC56-277476293B62}.Release|Any CPU.ActiveCfg = Release|Any CPU
		{20A2C8B8-3C1E-47C4-AC56-277476293B62}.Release|Any CPU.Build.0 = Release|Any CPU
		{20A2C8B8-3C1E-47C4-AC56-277476293B62}.Release|Mixed Platforms.ActiveCfg = Release|Any CPU
		{20A2C8B8-3C1E-47C4-AC56-277476293B62}.Release|Mixed Platforms.Build.0 = Release|Any CPU
		{20A2C8B8-3C1E-47C4-AC56-277476293B62}.Release|x86.ActiveCfg = Release|Any CPU
	EndGlobalSection
	GlobalSection(SolutionProperties) = preSolution
		HideSolutionNode = FALSE
	EndGlobalSection
	GlobalSection(NestedProjects) = preSolution
		{B3B7D798-3D52-47F0-B1A7-A91BC5FE184F} = {F58F76EC-CCF7-4236-95F3-2F1394FC09CA}
		{F8B125EE-F4BD-4E4E-8CE4-383B9567EED5} = {F58F76EC-CCF7-4236-95F3-2F1394FC09CA}
		{582AEB3C-84E7-4052-A631-B4EA716C5F72} = {ED859AD0-09F2-4F29-B914-5FBCF8ABC6D4}
		{A2918CE1-6894-4FC9-A864-4651769D0274} = {F58F76EC-CCF7-4236-95F3-2F1394FC09CA}
		{8CF10505-3C2E-4E45-AB90-21613237B412} = {ED859AD0-09F2-4F29-B914-5FBCF8ABC6D4}
		{F52A7548-E60A-485B-9C84-1D2871416DB7} = {F58F76EC-CCF7-4236-95F3-2F1394FC09CA}
		{255565B1-3246-4184-9F71-19178FE0BA65} = {BECC12B3-3CDF-4A1E-87DB-AA56875429DE}
		{755B2714-62DB-419C-9097-49C08439E7E3} = {BECC12B3-3CDF-4A1E-87DB-AA56875429DE}
		{88605D35-9E31-47CC-B6A2-45E6381D52B9} = {A01EADCC-0192-4D21-87DB-8BD64240E8CA}
		{BE60D62D-E757-44F4-A342-5388742F5986} = {F58F76EC-CCF7-4236-95F3-2F1394FC09CA}
		{53E9092C-848E-4D6A-9E8A-2ECD71BAEF04} = {A01EADCC-0192-4D21-87DB-8BD64240E8CA}
		{760AF36D-9463-491D-9FD0-B9C429D8030C} = {609434BB-848D-493A-BBA9-FEB8C343DF3A}
		{7A2B767A-715C-480D-A4CF-0510A5052C7D} = {609434BB-848D-493A-BBA9-FEB8C343DF3A}
		{20A2C8B8-3C1E-47C4-AC56-277476293B62} = {609434BB-848D-493A-BBA9-FEB8C343DF3A}
	EndGlobalSection
EndGlobal
