
Microsoft Visual Studio Solution File, Format Version 12.00
# Visual Studio Express 2013 for Windows Desktop
VisualStudioVersion = 12.0.21005.1
MinimumVisualStudioVersion = 10.0.40219.1
Project("{FAE04EC0-301F-11D3-BF4B-00C04F79EFBC}") = "GUI", "GUI\GUI.csproj", "{A2918CE1-6894-4FC9-A864-4651769D0274}"
	ProjectSection(ProjectDependencies) = postProject
		{B3B7D798-3D52-47F0-B1A7-A91BC5FE184F} = {B3B7D798-3D52-47F0-B1A7-A91BC5FE184F}
	EndProjectSection
EndProject
Project("{FAE04EC0-301F-11D3-BF4B-00C04F79EFBC}") = "Core", "Core\Core.csproj", "{8CF10505-3C2E-4E45-AB90-21613237B412}"
EndProject
Project("{FAE04EC0-301F-11D3-BF4B-00C04F79EFBC}") = "Translations", "Translations\Translations.csproj", "{B3B7D798-3D52-47F0-B1A7-A91BC5FE184F}"
EndProject
Project("{FAE04EC0-301F-11D3-BF4B-00C04F79EFBC}") = "CodeGenerator", "CodeGenerator\CodeGenerator.csproj", "{BE60D62D-E757-44F4-A342-5388742F5986}"
EndProject
Project("{FAE04EC0-301F-11D3-BF4B-00C04F79EFBC}") = "AssemblyCSharpImport", "AssemblyCSharpImport\AssemblyCSharpImport.csproj", "{88605D35-9E31-47CC-B6A2-45E6381D52B9}"
EndProject
Project("{FAE04EC0-301F-11D3-BF4B-00C04F79EFBC}") = "CSharp", "CSharp\CSharp.csproj", "{755B2714-62DB-419C-9097-49C08439E7E3}"
EndProject
Project("{FAE04EC0-301F-11D3-BF4B-00C04F79EFBC}") = "Java", "Java\Java.csproj", "{255565B1-3246-4184-9F71-19178FE0BA65}"
EndProject
Project("{FAE04EC0-301F-11D3-BF4B-00C04F79EFBC}") = "DiagramEditor", "DiagramEditor\DiagramEditor.csproj", "{F52A7548-E60A-485B-9C84-1D2871416DB7}"
EndProject
Project("{FAE04EC0-301F-11D3-BF4B-00C04F79EFBC}") = "PDFExport", "PDFExport\PDFExport.csproj", "{53E9092C-848E-4D6A-9E8A-2ECD71BAEF04}"
EndProject
Project("{FAE04EC0-301F-11D3-BF4B-00C04F79EFBC}") = "PdfSharp", "..\lib\PdfSharp\PdfSharp\PdfSharp.csproj", "{5384CE57-1F94-4D22-860D-2E9C1AC12DDF}"
EndProject
Project("{FAE04EC0-301F-11D3-BF4B-00C04F79EFBC}") = "NReflect", "..\lib\NReflect_v0.9.4_src\NReflect\NReflect.csproj", "{760AF36D-9463-491D-9FD0-B9C429D8030C}"
EndProject
Project("{FAE04EC0-301F-11D3-BF4B-00C04F79EFBC}") = "log4net.vs2010", "..\lib\log4net-1.2.13\src\log4net.vs2010.csproj", "{181FE707-E161-4722-9F38-6AAAB6FAA106}"
EndProject
Project("{FAE04EC0-301F-11D3-BF4B-00C04F79EFBC}") = "ICSharpCode.NRefactory", "..\lib\NRefactory\ICSharpCode.NRefactory\ICSharpCode.NRefactory.csproj", "{3B2A5653-EC97-4001-BB9B-D90F1AF2C371}"
EndProject
Project("{FAE04EC0-301F-11D3-BF4B-00C04F79EFBC}") = "ICSharpCode.NRefactory.CSharp", "..\lib\NRefactory\ICSharpCode.NRefactory.CSharp\ICSharpCode.NRefactory.CSharp.csproj", "{53DCA265-3C3C-42F9-B647-F72BA678122B}"
EndProject
Project("{FAE04EC0-301F-11D3-BF4B-00C04F79EFBC}") = "ICSharpCode.NRefactory.Xml", "..\lib\NRefactory\ICSharpCode.NRefactory.Xml\ICSharpCode.NRefactory.Xml.csproj", "{DC393B66-92ED-4CAD-AB25-CFEF23F3D7C6}"
EndProject
Project("{FAE04EC0-301F-11D3-BF4B-00C04F79EFBC}") = "ICSharpCode.NRefactory.CSharp.Refactoring", "..\lib\NRefactory\ICSharpCode.NRefactory.CSharp.Refactoring\ICSharpCode.NRefactory.CSharp.Refactoring.csproj", "{2A705FC6-1A9E-4941-9E47-254D79F2D9D5}"
EndProject
Global
	GlobalSection(SolutionConfigurationPlatforms) = preSolution
		Debug|Any CPU = Debug|Any CPU
		Debug|Mixed Platforms = Debug|Mixed Platforms
		Debug|x86 = Debug|x86
		net_4_5_Debug|Any CPU = net_4_5_Debug|Any CPU
		net_4_5_Debug|Mixed Platforms = net_4_5_Debug|Mixed Platforms
		net_4_5_Debug|x86 = net_4_5_Debug|x86
		net_4_5_Release|Any CPU = net_4_5_Release|Any CPU
		net_4_5_Release|Mixed Platforms = net_4_5_Release|Mixed Platforms
		net_4_5_Release|x86 = net_4_5_Release|x86
		Release|Any CPU = Release|Any CPU
		Release|Mixed Platforms = Release|Mixed Platforms
		Release|x86 = Release|x86
	EndGlobalSection
	GlobalSection(ProjectConfigurationPlatforms) = postSolution
		{A2918CE1-6894-4FC9-A864-4651769D0274}.Debug|Any CPU.ActiveCfg = Debug|Any CPU
		{A2918CE1-6894-4FC9-A864-4651769D0274}.Debug|Any CPU.Build.0 = Debug|Any CPU
		{A2918CE1-6894-4FC9-A864-4651769D0274}.Debug|Mixed Platforms.ActiveCfg = Debug|Any CPU
		{A2918CE1-6894-4FC9-A864-4651769D0274}.Debug|Mixed Platforms.Build.0 = Debug|Any CPU
		{A2918CE1-6894-4FC9-A864-4651769D0274}.Debug|x86.ActiveCfg = Debug|Any CPU
		{A2918CE1-6894-4FC9-A864-4651769D0274}.net_4_5_Debug|Any CPU.ActiveCfg = Debug|Any CPU
		{A2918CE1-6894-4FC9-A864-4651769D0274}.net_4_5_Debug|Any CPU.Build.0 = Debug|Any CPU
		{A2918CE1-6894-4FC9-A864-4651769D0274}.net_4_5_Debug|Mixed Platforms.ActiveCfg = Debug|Any CPU
		{A2918CE1-6894-4FC9-A864-4651769D0274}.net_4_5_Debug|Mixed Platforms.Build.0 = Debug|Any CPU
		{A2918CE1-6894-4FC9-A864-4651769D0274}.net_4_5_Debug|x86.ActiveCfg = Debug|Any CPU
		{A2918CE1-6894-4FC9-A864-4651769D0274}.net_4_5_Release|Any CPU.ActiveCfg = Release|Any CPU
		{A2918CE1-6894-4FC9-A864-4651769D0274}.net_4_5_Release|Any CPU.Build.0 = Release|Any CPU
		{A2918CE1-6894-4FC9-A864-4651769D0274}.net_4_5_Release|Mixed Platforms.ActiveCfg = Release|Any CPU
		{A2918CE1-6894-4FC9-A864-4651769D0274}.net_4_5_Release|Mixed Platforms.Build.0 = Release|Any CPU
		{A2918CE1-6894-4FC9-A864-4651769D0274}.net_4_5_Release|x86.ActiveCfg = Release|Any CPU
		{A2918CE1-6894-4FC9-A864-4651769D0274}.Release|Any CPU.ActiveCfg = Release|Any CPU
		{A2918CE1-6894-4FC9-A864-4651769D0274}.Release|Any CPU.Build.0 = Release|Any CPU
		{A2918CE1-6894-4FC9-A864-4651769D0274}.Release|Mixed Platforms.ActiveCfg = Release|Any CPU
		{A2918CE1-6894-4FC9-A864-4651769D0274}.Release|Mixed Platforms.Build.0 = Release|Any CPU
		{A2918CE1-6894-4FC9-A864-4651769D0274}.Release|x86.ActiveCfg = Release|Any CPU
		{8CF10505-3C2E-4E45-AB90-21613237B412}.Debug|Any CPU.ActiveCfg = Debug|Any CPU
		{8CF10505-3C2E-4E45-AB90-21613237B412}.Debug|Any CPU.Build.0 = Debug|Any CPU
		{8CF10505-3C2E-4E45-AB90-21613237B412}.Debug|Mixed Platforms.ActiveCfg = Debug|Any CPU
		{8CF10505-3C2E-4E45-AB90-21613237B412}.Debug|Mixed Platforms.Build.0 = Debug|Any CPU
		{8CF10505-3C2E-4E45-AB90-21613237B412}.Debug|x86.ActiveCfg = Debug|Any CPU
		{8CF10505-3C2E-4E45-AB90-21613237B412}.net_4_5_Debug|Any CPU.ActiveCfg = Debug|Any CPU
		{8CF10505-3C2E-4E45-AB90-21613237B412}.net_4_5_Debug|Any CPU.Build.0 = Debug|Any CPU
		{8CF10505-3C2E-4E45-AB90-21613237B412}.net_4_5_Debug|Mixed Platforms.ActiveCfg = Debug|Any CPU
		{8CF10505-3C2E-4E45-AB90-21613237B412}.net_4_5_Debug|Mixed Platforms.Build.0 = Debug|Any CPU
		{8CF10505-3C2E-4E45-AB90-21613237B412}.net_4_5_Debug|x86.ActiveCfg = Debug|Any CPU
		{8CF10505-3C2E-4E45-AB90-21613237B412}.net_4_5_Release|Any CPU.ActiveCfg = Release|Any CPU
		{8CF10505-3C2E-4E45-AB90-21613237B412}.net_4_5_Release|Any CPU.Build.0 = Release|Any CPU
		{8CF10505-3C2E-4E45-AB90-21613237B412}.net_4_5_Release|Mixed Platforms.ActiveCfg = Release|Any CPU
		{8CF10505-3C2E-4E45-AB90-21613237B412}.net_4_5_Release|Mixed Platforms.Build.0 = Release|Any CPU
		{8CF10505-3C2E-4E45-AB90-21613237B412}.net_4_5_Release|x86.ActiveCfg = Release|Any CPU
		{8CF10505-3C2E-4E45-AB90-21613237B412}.Release|Any CPU.ActiveCfg = Release|Any CPU
		{8CF10505-3C2E-4E45-AB90-21613237B412}.Release|Any CPU.Build.0 = Release|Any CPU
		{8CF10505-3C2E-4E45-AB90-21613237B412}.Release|Mixed Platforms.ActiveCfg = Release|Any CPU
		{8CF10505-3C2E-4E45-AB90-21613237B412}.Release|Mixed Platforms.Build.0 = Release|Any CPU
		{8CF10505-3C2E-4E45-AB90-21613237B412}.Release|x86.ActiveCfg = Release|Any CPU
		{B3B7D798-3D52-47F0-B1A7-A91BC5FE184F}.Debug|Any CPU.ActiveCfg = Debug|Any CPU
		{B3B7D798-3D52-47F0-B1A7-A91BC5FE184F}.Debug|Any CPU.Build.0 = Debug|Any CPU
		{B3B7D798-3D52-47F0-B1A7-A91BC5FE184F}.Debug|Mixed Platforms.ActiveCfg = Debug|Any CPU
		{B3B7D798-3D52-47F0-B1A7-A91BC5FE184F}.Debug|Mixed Platforms.Build.0 = Debug|Any CPU
		{B3B7D798-3D52-47F0-B1A7-A91BC5FE184F}.Debug|x86.ActiveCfg = Debug|Any CPU
		{B3B7D798-3D52-47F0-B1A7-A91BC5FE184F}.net_4_5_Debug|Any CPU.ActiveCfg = Debug|Any CPU
		{B3B7D798-3D52-47F0-B1A7-A91BC5FE184F}.net_4_5_Debug|Any CPU.Build.0 = Debug|Any CPU
		{B3B7D798-3D52-47F0-B1A7-A91BC5FE184F}.net_4_5_Debug|Mixed Platforms.ActiveCfg = Debug|Any CPU
		{B3B7D798-3D52-47F0-B1A7-A91BC5FE184F}.net_4_5_Debug|Mixed Platforms.Build.0 = Debug|Any CPU
		{B3B7D798-3D52-47F0-B1A7-A91BC5FE184F}.net_4_5_Debug|x86.ActiveCfg = Debug|Any CPU
		{B3B7D798-3D52-47F0-B1A7-A91BC5FE184F}.net_4_5_Release|Any CPU.ActiveCfg = Release|Any CPU
		{B3B7D798-3D52-47F0-B1A7-A91BC5FE184F}.net_4_5_Release|Any CPU.Build.0 = Release|Any CPU
		{B3B7D798-3D52-47F0-B1A7-A91BC5FE184F}.net_4_5_Release|Mixed Platforms.ActiveCfg = Release|Any CPU
		{B3B7D798-3D52-47F0-B1A7-A91BC5FE184F}.net_4_5_Release|Mixed Platforms.Build.0 = Release|Any CPU
		{B3B7D798-3D52-47F0-B1A7-A91BC5FE184F}.net_4_5_Release|x86.ActiveCfg = Release|Any CPU
		{B3B7D798-3D52-47F0-B1A7-A91BC5FE184F}.Release|Any CPU.ActiveCfg = Release|Any CPU
		{B3B7D798-3D52-47F0-B1A7-A91BC5FE184F}.Release|Any CPU.Build.0 = Release|Any CPU
		{B3B7D798-3D52-47F0-B1A7-A91BC5FE184F}.Release|Mixed Platforms.ActiveCfg = Release|Any CPU
		{B3B7D798-3D52-47F0-B1A7-A91BC5FE184F}.Release|Mixed Platforms.Build.0 = Release|Any CPU
		{B3B7D798-3D52-47F0-B1A7-A91BC5FE184F}.Release|x86.ActiveCfg = Release|Any CPU
		{BE60D62D-E757-44F4-A342-5388742F5986}.Debug|Any CPU.ActiveCfg = Debug|Any CPU
		{BE60D62D-E757-44F4-A342-5388742F5986}.Debug|Any CPU.Build.0 = Debug|Any CPU
		{BE60D62D-E757-44F4-A342-5388742F5986}.Debug|Mixed Platforms.ActiveCfg = Debug|Any CPU
		{BE60D62D-E757-44F4-A342-5388742F5986}.Debug|Mixed Platforms.Build.0 = Debug|Any CPU
		{BE60D62D-E757-44F4-A342-5388742F5986}.Debug|x86.ActiveCfg = Debug|Any CPU
		{BE60D62D-E757-44F4-A342-5388742F5986}.net_4_5_Debug|Any CPU.ActiveCfg = Debug|Any CPU
		{BE60D62D-E757-44F4-A342-5388742F5986}.net_4_5_Debug|Any CPU.Build.0 = Debug|Any CPU
		{BE60D62D-E757-44F4-A342-5388742F5986}.net_4_5_Debug|Mixed Platforms.ActiveCfg = Debug|Any CPU
		{BE60D62D-E757-44F4-A342-5388742F5986}.net_4_5_Debug|Mixed Platforms.Build.0 = Debug|Any CPU
		{BE60D62D-E757-44F4-A342-5388742F5986}.net_4_5_Debug|x86.ActiveCfg = Debug|Any CPU
		{BE60D62D-E757-44F4-A342-5388742F5986}.net_4_5_Release|Any CPU.ActiveCfg = Release|Any CPU
		{BE60D62D-E757-44F4-A342-5388742F5986}.net_4_5_Release|Any CPU.Build.0 = Release|Any CPU
		{BE60D62D-E757-44F4-A342-5388742F5986}.net_4_5_Release|Mixed Platforms.ActiveCfg = Release|Any CPU
		{BE60D62D-E757-44F4-A342-5388742F5986}.net_4_5_Release|Mixed Platforms.Build.0 = Release|Any CPU
		{BE60D62D-E757-44F4-A342-5388742F5986}.net_4_5_Release|x86.ActiveCfg = Release|Any CPU
		{BE60D62D-E757-44F4-A342-5388742F5986}.Release|Any CPU.ActiveCfg = Release|Any CPU
		{BE60D62D-E757-44F4-A342-5388742F5986}.Release|Any CPU.Build.0 = Release|Any CPU
		{BE60D62D-E757-44F4-A342-5388742F5986}.Release|Mixed Platforms.ActiveCfg = Release|Any CPU
		{BE60D62D-E757-44F4-A342-5388742F5986}.Release|Mixed Platforms.Build.0 = Release|Any CPU
		{BE60D62D-E757-44F4-A342-5388742F5986}.Release|x86.ActiveCfg = Release|Any CPU
		{88605D35-9E31-47CC-B6A2-45E6381D52B9}.Debug|Any CPU.ActiveCfg = Debug|Any CPU
		{88605D35-9E31-47CC-B6A2-45E6381D52B9}.Debug|Any CPU.Build.0 = Debug|Any CPU
		{88605D35-9E31-47CC-B6A2-45E6381D52B9}.Debug|Mixed Platforms.ActiveCfg = Debug|Any CPU
		{88605D35-9E31-47CC-B6A2-45E6381D52B9}.Debug|Mixed Platforms.Build.0 = Debug|Any CPU
		{88605D35-9E31-47CC-B6A2-45E6381D52B9}.Debug|x86.ActiveCfg = Debug|Any CPU
		{88605D35-9E31-47CC-B6A2-45E6381D52B9}.net_4_5_Debug|Any CPU.ActiveCfg = Debug|Any CPU
		{88605D35-9E31-47CC-B6A2-45E6381D52B9}.net_4_5_Debug|Any CPU.Build.0 = Debug|Any CPU
		{88605D35-9E31-47CC-B6A2-45E6381D52B9}.net_4_5_Debug|Mixed Platforms.ActiveCfg = Debug|Any CPU
		{88605D35-9E31-47CC-B6A2-45E6381D52B9}.net_4_5_Debug|Mixed Platforms.Build.0 = Debug|Any CPU
		{88605D35-9E31-47CC-B6A2-45E6381D52B9}.net_4_5_Debug|x86.ActiveCfg = Debug|Any CPU
		{88605D35-9E31-47CC-B6A2-45E6381D52B9}.net_4_5_Release|Any CPU.ActiveCfg = Release|Any CPU
		{88605D35-9E31-47CC-B6A2-45E6381D52B9}.net_4_5_Release|Any CPU.Build.0 = Release|Any CPU
		{88605D35-9E31-47CC-B6A2-45E6381D52B9}.net_4_5_Release|Mixed Platforms.ActiveCfg = Release|Any CPU
		{88605D35-9E31-47CC-B6A2-45E6381D52B9}.net_4_5_Release|Mixed Platforms.Build.0 = Release|Any CPU
		{88605D35-9E31-47CC-B6A2-45E6381D52B9}.net_4_5_Release|x86.ActiveCfg = Release|Any CPU
		{88605D35-9E31-47CC-B6A2-45E6381D52B9}.Release|Any CPU.ActiveCfg = Release|Any CPU
		{88605D35-9E31-47CC-B6A2-45E6381D52B9}.Release|Any CPU.Build.0 = Release|Any CPU
		{88605D35-9E31-47CC-B6A2-45E6381D52B9}.Release|Mixed Platforms.ActiveCfg = Release|Any CPU
		{88605D35-9E31-47CC-B6A2-45E6381D52B9}.Release|Mixed Platforms.Build.0 = Release|Any CPU
		{88605D35-9E31-47CC-B6A2-45E6381D52B9}.Release|x86.ActiveCfg = Release|Any CPU
		{755B2714-62DB-419C-9097-49C08439E7E3}.Debug|Any CPU.ActiveCfg = Debug|Any CPU
		{755B2714-62DB-419C-9097-49C08439E7E3}.Debug|Any CPU.Build.0 = Debug|Any CPU
		{755B2714-62DB-419C-9097-49C08439E7E3}.Debug|Mixed Platforms.ActiveCfg = Debug|Any CPU
		{755B2714-62DB-419C-9097-49C08439E7E3}.Debug|Mixed Platforms.Build.0 = Debug|Any CPU
		{755B2714-62DB-419C-9097-49C08439E7E3}.Debug|x86.ActiveCfg = Debug|Any CPU
		{755B2714-62DB-419C-9097-49C08439E7E3}.net_4_5_Debug|Any CPU.ActiveCfg = Debug|Any CPU
		{755B2714-62DB-419C-9097-49C08439E7E3}.net_4_5_Debug|Any CPU.Build.0 = Debug|Any CPU
		{755B2714-62DB-419C-9097-49C08439E7E3}.net_4_5_Debug|Mixed Platforms.ActiveCfg = Debug|Any CPU
		{755B2714-62DB-419C-9097-49C08439E7E3}.net_4_5_Debug|Mixed Platforms.Build.0 = Debug|Any CPU
		{755B2714-62DB-419C-9097-49C08439E7E3}.net_4_5_Debug|x86.ActiveCfg = Debug|Any CPU
		{755B2714-62DB-419C-9097-49C08439E7E3}.net_4_5_Release|Any CPU.ActiveCfg = Release|Any CPU
		{755B2714-62DB-419C-9097-49C08439E7E3}.net_4_5_Release|Any CPU.Build.0 = Release|Any CPU
		{755B2714-62DB-419C-9097-49C08439E7E3}.net_4_5_Release|Mixed Platforms.ActiveCfg = Release|Any CPU
		{755B2714-62DB-419C-9097-49C08439E7E3}.net_4_5_Release|Mixed Platforms.Build.0 = Release|Any CPU
		{755B2714-62DB-419C-9097-49C08439E7E3}.net_4_5_Release|x86.ActiveCfg = Release|Any CPU
		{755B2714-62DB-419C-9097-49C08439E7E3}.Release|Any CPU.ActiveCfg = Release|Any CPU
		{755B2714-62DB-419C-9097-49C08439E7E3}.Release|Any CPU.Build.0 = Release|Any CPU
		{755B2714-62DB-419C-9097-49C08439E7E3}.Release|Mixed Platforms.ActiveCfg = Release|Any CPU
		{755B2714-62DB-419C-9097-49C08439E7E3}.Release|Mixed Platforms.Build.0 = Release|Any CPU
		{755B2714-62DB-419C-9097-49C08439E7E3}.Release|x86.ActiveCfg = Release|Any CPU
		{255565B1-3246-4184-9F71-19178FE0BA65}.Debug|Any CPU.ActiveCfg = Debug|Any CPU
		{255565B1-3246-4184-9F71-19178FE0BA65}.Debug|Any CPU.Build.0 = Debug|Any CPU
		{255565B1-3246-4184-9F71-19178FE0BA65}.Debug|Mixed Platforms.ActiveCfg = Debug|Any CPU
		{255565B1-3246-4184-9F71-19178FE0BA65}.Debug|Mixed Platforms.Build.0 = Debug|Any CPU
		{255565B1-3246-4184-9F71-19178FE0BA65}.Debug|x86.ActiveCfg = Debug|Any CPU
		{255565B1-3246-4184-9F71-19178FE0BA65}.net_4_5_Debug|Any CPU.ActiveCfg = Debug|Any CPU
		{255565B1-3246-4184-9F71-19178FE0BA65}.net_4_5_Debug|Any CPU.Build.0 = Debug|Any CPU
		{255565B1-3246-4184-9F71-19178FE0BA65}.net_4_5_Debug|Mixed Platforms.ActiveCfg = Debug|Any CPU
		{255565B1-3246-4184-9F71-19178FE0BA65}.net_4_5_Debug|Mixed Platforms.Build.0 = Debug|Any CPU
		{255565B1-3246-4184-9F71-19178FE0BA65}.net_4_5_Debug|x86.ActiveCfg = Debug|Any CPU
		{255565B1-3246-4184-9F71-19178FE0BA65}.net_4_5_Release|Any CPU.ActiveCfg = Release|Any CPU
		{255565B1-3246-4184-9F71-19178FE0BA65}.net_4_5_Release|Any CPU.Build.0 = Release|Any CPU
		{255565B1-3246-4184-9F71-19178FE0BA65}.net_4_5_Release|Mixed Platforms.ActiveCfg = Release|Any CPU
		{255565B1-3246-4184-9F71-19178FE0BA65}.net_4_5_Release|Mixed Platforms.Build.0 = Release|Any CPU
		{255565B1-3246-4184-9F71-19178FE0BA65}.net_4_5_Release|x86.ActiveCfg = Release|Any CPU
		{255565B1-3246-4184-9F71-19178FE0BA65}.Release|Any CPU.ActiveCfg = Release|Any CPU
		{255565B1-3246-4184-9F71-19178FE0BA65}.Release|Any CPU.Build.0 = Release|Any CPU
		{255565B1-3246-4184-9F71-19178FE0BA65}.Release|Mixed Platforms.ActiveCfg = Release|Any CPU
		{255565B1-3246-4184-9F71-19178FE0BA65}.Release|Mixed Platforms.Build.0 = Release|Any CPU
		{255565B1-3246-4184-9F71-19178FE0BA65}.Release|x86.ActiveCfg = Release|Any CPU
		{F52A7548-E60A-485B-9C84-1D2871416DB7}.Debug|Any CPU.ActiveCfg = Debug|Any CPU
		{F52A7548-E60A-485B-9C84-1D2871416DB7}.Debug|Any CPU.Build.0 = Debug|Any CPU
		{F52A7548-E60A-485B-9C84-1D2871416DB7}.Debug|Mixed Platforms.ActiveCfg = Debug|Any CPU
		{F52A7548-E60A-485B-9C84-1D2871416DB7}.Debug|Mixed Platforms.Build.0 = Debug|Any CPU
		{F52A7548-E60A-485B-9C84-1D2871416DB7}.Debug|x86.ActiveCfg = Debug|Any CPU
		{F52A7548-E60A-485B-9C84-1D2871416DB7}.net_4_5_Debug|Any CPU.ActiveCfg = Debug|Any CPU
		{F52A7548-E60A-485B-9C84-1D2871416DB7}.net_4_5_Debug|Any CPU.Build.0 = Debug|Any CPU
		{F52A7548-E60A-485B-9C84-1D2871416DB7}.net_4_5_Debug|Mixed Platforms.ActiveCfg = Debug|Any CPU
		{F52A7548-E60A-485B-9C84-1D2871416DB7}.net_4_5_Debug|Mixed Platforms.Build.0 = Debug|Any CPU
		{F52A7548-E60A-485B-9C84-1D2871416DB7}.net_4_5_Debug|x86.ActiveCfg = Debug|Any CPU
		{F52A7548-E60A-485B-9C84-1D2871416DB7}.net_4_5_Release|Any CPU.ActiveCfg = Release|Any CPU
		{F52A7548-E60A-485B-9C84-1D2871416DB7}.net_4_5_Release|Any CPU.Build.0 = Release|Any CPU
		{F52A7548-E60A-485B-9C84-1D2871416DB7}.net_4_5_Release|Mixed Platforms.ActiveCfg = Release|Any CPU
		{F52A7548-E60A-485B-9C84-1D2871416DB7}.net_4_5_Release|Mixed Platforms.Build.0 = Release|Any CPU
		{F52A7548-E60A-485B-9C84-1D2871416DB7}.net_4_5_Release|x86.ActiveCfg = Release|Any CPU
		{F52A7548-E60A-485B-9C84-1D2871416DB7}.Release|Any CPU.ActiveCfg = Release|Any CPU
		{F52A7548-E60A-485B-9C84-1D2871416DB7}.Release|Any CPU.Build.0 = Release|Any CPU
		{F52A7548-E60A-485B-9C84-1D2871416DB7}.Release|Mixed Platforms.ActiveCfg = Release|Any CPU
		{F52A7548-E60A-485B-9C84-1D2871416DB7}.Release|Mixed Platforms.Build.0 = Release|Any CPU
		{F52A7548-E60A-485B-9C84-1D2871416DB7}.Release|x86.ActiveCfg = Release|Any CPU
		{53E9092C-848E-4D6A-9E8A-2ECD71BAEF04}.Debug|Any CPU.ActiveCfg = Debug|Any CPU
		{53E9092C-848E-4D6A-9E8A-2ECD71BAEF04}.Debug|Any CPU.Build.0 = Debug|Any CPU
		{53E9092C-848E-4D6A-9E8A-2ECD71BAEF04}.Debug|Mixed Platforms.ActiveCfg = Debug|Any CPU
		{53E9092C-848E-4D6A-9E8A-2ECD71BAEF04}.Debug|Mixed Platforms.Build.0 = Debug|Any CPU
		{53E9092C-848E-4D6A-9E8A-2ECD71BAEF04}.Debug|x86.ActiveCfg = Debug|Any CPU
		{53E9092C-848E-4D6A-9E8A-2ECD71BAEF04}.net_4_5_Debug|Any CPU.ActiveCfg = Debug|Any CPU
		{53E9092C-848E-4D6A-9E8A-2ECD71BAEF04}.net_4_5_Debug|Any CPU.Build.0 = Debug|Any CPU
		{53E9092C-848E-4D6A-9E8A-2ECD71BAEF04}.net_4_5_Debug|Mixed Platforms.ActiveCfg = Debug|Any CPU
		{53E9092C-848E-4D6A-9E8A-2ECD71BAEF04}.net_4_5_Debug|Mixed Platforms.Build.0 = Debug|Any CPU
		{53E9092C-848E-4D6A-9E8A-2ECD71BAEF04}.net_4_5_Debug|x86.ActiveCfg = Debug|Any CPU
		{53E9092C-848E-4D6A-9E8A-2ECD71BAEF04}.net_4_5_Release|Any CPU.ActiveCfg = Release|Any CPU
		{53E9092C-848E-4D6A-9E8A-2ECD71BAEF04}.net_4_5_Release|Any CPU.Build.0 = Release|Any CPU
		{53E9092C-848E-4D6A-9E8A-2ECD71BAEF04}.net_4_5_Release|Mixed Platforms.ActiveCfg = Release|Any CPU
		{53E9092C-848E-4D6A-9E8A-2ECD71BAEF04}.net_4_5_Release|Mixed Platforms.Build.0 = Release|Any CPU
		{53E9092C-848E-4D6A-9E8A-2ECD71BAEF04}.net_4_5_Release|x86.ActiveCfg = Release|Any CPU
		{53E9092C-848E-4D6A-9E8A-2ECD71BAEF04}.Release|Any CPU.ActiveCfg = Release|Any CPU
		{53E9092C-848E-4D6A-9E8A-2ECD71BAEF04}.Release|Any CPU.Build.0 = Release|Any CPU
		{53E9092C-848E-4D6A-9E8A-2ECD71BAEF04}.Release|Mixed Platforms.ActiveCfg = Release|Any CPU
		{53E9092C-848E-4D6A-9E8A-2ECD71BAEF04}.Release|Mixed Platforms.Build.0 = Release|Any CPU
		{53E9092C-848E-4D6A-9E8A-2ECD71BAEF04}.Release|x86.ActiveCfg = Release|Any CPU
		{5384CE57-1F94-4D22-860D-2E9C1AC12DDF}.Debug|Any CPU.ActiveCfg = Debug|Any CPU
		{5384CE57-1F94-4D22-860D-2E9C1AC12DDF}.Debug|Any CPU.Build.0 = Debug|Any CPU
		{5384CE57-1F94-4D22-860D-2E9C1AC12DDF}.Debug|Mixed Platforms.ActiveCfg = Debug|Any CPU
		{5384CE57-1F94-4D22-860D-2E9C1AC12DDF}.Debug|Mixed Platforms.Build.0 = Debug|Any CPU
		{5384CE57-1F94-4D22-860D-2E9C1AC12DDF}.Debug|x86.ActiveCfg = Debug|Any CPU
		{5384CE57-1F94-4D22-860D-2E9C1AC12DDF}.net_4_5_Debug|Any CPU.ActiveCfg = Debug|Any CPU
		{5384CE57-1F94-4D22-860D-2E9C1AC12DDF}.net_4_5_Debug|Any CPU.Build.0 = Debug|Any CPU
		{5384CE57-1F94-4D22-860D-2E9C1AC12DDF}.net_4_5_Debug|Mixed Platforms.ActiveCfg = Debug|Any CPU
		{5384CE57-1F94-4D22-860D-2E9C1AC12DDF}.net_4_5_Debug|Mixed Platforms.Build.0 = Debug|Any CPU
		{5384CE57-1F94-4D22-860D-2E9C1AC12DDF}.net_4_5_Debug|x86.ActiveCfg = Debug|Any CPU
		{5384CE57-1F94-4D22-860D-2E9C1AC12DDF}.net_4_5_Release|Any CPU.ActiveCfg = Release|Any CPU
		{5384CE57-1F94-4D22-860D-2E9C1AC12DDF}.net_4_5_Release|Any CPU.Build.0 = Release|Any CPU
		{5384CE57-1F94-4D22-860D-2E9C1AC12DDF}.net_4_5_Release|Mixed Platforms.ActiveCfg = Release|Any CPU
		{5384CE57-1F94-4D22-860D-2E9C1AC12DDF}.net_4_5_Release|Mixed Platforms.Build.0 = Release|Any CPU
		{5384CE57-1F94-4D22-860D-2E9C1AC12DDF}.net_4_5_Release|x86.ActiveCfg = Release|Any CPU
		{5384CE57-1F94-4D22-860D-2E9C1AC12DDF}.Release|Any CPU.ActiveCfg = Release|Any CPU
		{5384CE57-1F94-4D22-860D-2E9C1AC12DDF}.Release|Any CPU.Build.0 = Release|Any CPU
		{5384CE57-1F94-4D22-860D-2E9C1AC12DDF}.Release|Mixed Platforms.ActiveCfg = Release|Any CPU
		{5384CE57-1F94-4D22-860D-2E9C1AC12DDF}.Release|Mixed Platforms.Build.0 = Release|Any CPU
		{5384CE57-1F94-4D22-860D-2E9C1AC12DDF}.Release|x86.ActiveCfg = Release|Any CPU
		{760AF36D-9463-491D-9FD0-B9C429D8030C}.Debug|Any CPU.ActiveCfg = Debug|Any CPU
		{760AF36D-9463-491D-9FD0-B9C429D8030C}.Debug|Any CPU.Build.0 = Debug|Any CPU
		{760AF36D-9463-491D-9FD0-B9C429D8030C}.Debug|Mixed Platforms.ActiveCfg = Debug|Any CPU
		{760AF36D-9463-491D-9FD0-B9C429D8030C}.Debug|Mixed Platforms.Build.0 = Debug|Any CPU
		{760AF36D-9463-491D-9FD0-B9C429D8030C}.Debug|x86.ActiveCfg = Debug|Any CPU
		{760AF36D-9463-491D-9FD0-B9C429D8030C}.net_4_5_Debug|Any CPU.ActiveCfg = Debug|Any CPU
		{760AF36D-9463-491D-9FD0-B9C429D8030C}.net_4_5_Debug|Any CPU.Build.0 = Debug|Any CPU
		{760AF36D-9463-491D-9FD0-B9C429D8030C}.net_4_5_Debug|Mixed Platforms.ActiveCfg = Debug|Any CPU
		{760AF36D-9463-491D-9FD0-B9C429D8030C}.net_4_5_Debug|Mixed Platforms.Build.0 = Debug|Any CPU
		{760AF36D-9463-491D-9FD0-B9C429D8030C}.net_4_5_Debug|x86.ActiveCfg = Debug|Any CPU
		{760AF36D-9463-491D-9FD0-B9C429D8030C}.net_4_5_Release|Any CPU.ActiveCfg = Release|Any CPU
		{760AF36D-9463-491D-9FD0-B9C429D8030C}.net_4_5_Release|Any CPU.Build.0 = Release|Any CPU
		{760AF36D-9463-491D-9FD0-B9C429D8030C}.net_4_5_Release|Mixed Platforms.ActiveCfg = Release|Any CPU
		{760AF36D-9463-491D-9FD0-B9C429D8030C}.net_4_5_Release|Mixed Platforms.Build.0 = Release|Any CPU
		{760AF36D-9463-491D-9FD0-B9C429D8030C}.net_4_5_Release|x86.ActiveCfg = Release|Any CPU
		{760AF36D-9463-491D-9FD0-B9C429D8030C}.Release|Any CPU.ActiveCfg = Release|Any CPU
		{760AF36D-9463-491D-9FD0-B9C429D8030C}.Release|Any CPU.Build.0 = Release|Any CPU
		{760AF36D-9463-491D-9FD0-B9C429D8030C}.Release|Mixed Platforms.ActiveCfg = Release|Any CPU
		{760AF36D-9463-491D-9FD0-B9C429D8030C}.Release|Mixed Platforms.Build.0 = Release|Any CPU
		{760AF36D-9463-491D-9FD0-B9C429D8030C}.Release|x86.ActiveCfg = Release|Any CPU
		{181FE707-E161-4722-9F38-6AAAB6FAA106}.Debug|Any CPU.ActiveCfg = Debug|Any CPU
		{181FE707-E161-4722-9F38-6AAAB6FAA106}.Debug|Any CPU.Build.0 = Debug|Any CPU
		{181FE707-E161-4722-9F38-6AAAB6FAA106}.Debug|Mixed Platforms.ActiveCfg = Debug|Any CPU
		{181FE707-E161-4722-9F38-6AAAB6FAA106}.Debug|Mixed Platforms.Build.0 = Debug|Any CPU
		{181FE707-E161-4722-9F38-6AAAB6FAA106}.Debug|x86.ActiveCfg = Debug|Any CPU
		{181FE707-E161-4722-9F38-6AAAB6FAA106}.net_4_5_Debug|Any CPU.ActiveCfg = Debug|Any CPU
		{181FE707-E161-4722-9F38-6AAAB6FAA106}.net_4_5_Debug|Any CPU.Build.0 = Debug|Any CPU
		{181FE707-E161-4722-9F38-6AAAB6FAA106}.net_4_5_Debug|Mixed Platforms.ActiveCfg = Debug|Any CPU
		{181FE707-E161-4722-9F38-6AAAB6FAA106}.net_4_5_Debug|Mixed Platforms.Build.0 = Debug|Any CPU
		{181FE707-E161-4722-9F38-6AAAB6FAA106}.net_4_5_Debug|x86.ActiveCfg = Debug|Any CPU
		{181FE707-E161-4722-9F38-6AAAB6FAA106}.net_4_5_Release|Any CPU.ActiveCfg = Release|Any CPU
		{181FE707-E161-4722-9F38-6AAAB6FAA106}.net_4_5_Release|Any CPU.Build.0 = Release|Any CPU
		{181FE707-E161-4722-9F38-6AAAB6FAA106}.net_4_5_Release|Mixed Platforms.ActiveCfg = Release|Any CPU
		{181FE707-E161-4722-9F38-6AAAB6FAA106}.net_4_5_Release|Mixed Platforms.Build.0 = Release|Any CPU
		{181FE707-E161-4722-9F38-6AAAB6FAA106}.net_4_5_Release|x86.ActiveCfg = Release|Any CPU
		{181FE707-E161-4722-9F38-6AAAB6FAA106}.Release|Any CPU.ActiveCfg = Release|Any CPU
		{181FE707-E161-4722-9F38-6AAAB6FAA106}.Release|Any CPU.Build.0 = Release|Any CPU
		{181FE707-E161-4722-9F38-6AAAB6FAA106}.Release|Mixed Platforms.ActiveCfg = Release|Any CPU
		{181FE707-E161-4722-9F38-6AAAB6FAA106}.Release|Mixed Platforms.Build.0 = Release|Any CPU
		{181FE707-E161-4722-9F38-6AAAB6FAA106}.Release|x86.ActiveCfg = Release|Any CPU
		{3B2A5653-EC97-4001-BB9B-D90F1AF2C371}.Debug|Any CPU.ActiveCfg = Debug|Any CPU
		{3B2A5653-EC97-4001-BB9B-D90F1AF2C371}.Debug|Any CPU.Build.0 = Debug|Any CPU
		{3B2A5653-EC97-4001-BB9B-D90F1AF2C371}.Debug|Mixed Platforms.ActiveCfg = Debug|Any CPU
		{3B2A5653-EC97-4001-BB9B-D90F1AF2C371}.Debug|Mixed Platforms.Build.0 = Debug|Any CPU
		{3B2A5653-EC97-4001-BB9B-D90F1AF2C371}.Debug|x86.ActiveCfg = Debug|Any CPU
		{3B2A5653-EC97-4001-BB9B-D90F1AF2C371}.net_4_5_Debug|Any CPU.ActiveCfg = net_4_5_Debug|Any CPU
		{3B2A5653-EC97-4001-BB9B-D90F1AF2C371}.net_4_5_Debug|Any CPU.Build.0 = net_4_5_Debug|Any CPU
		{3B2A5653-EC97-4001-BB9B-D90F1AF2C371}.net_4_5_Debug|Mixed Platforms.ActiveCfg = net_4_5_Debug|Any CPU
		{3B2A5653-EC97-4001-BB9B-D90F1AF2C371}.net_4_5_Debug|Mixed Platforms.Build.0 = net_4_5_Debug|Any CPU
		{3B2A5653-EC97-4001-BB9B-D90F1AF2C371}.net_4_5_Debug|x86.ActiveCfg = net_4_5_Debug|Any CPU
		{3B2A5653-EC97-4001-BB9B-D90F1AF2C371}.net_4_5_Release|Any CPU.ActiveCfg = net_4_5_Release|Any CPU
		{3B2A5653-EC97-4001-BB9B-D90F1AF2C371}.net_4_5_Release|Any CPU.Build.0 = net_4_5_Release|Any CPU
		{3B2A5653-EC97-4001-BB9B-D90F1AF2C371}.net_4_5_Release|Mixed Platforms.ActiveCfg = net_4_5_Release|Any CPU
		{3B2A5653-EC97-4001-BB9B-D90F1AF2C371}.net_4_5_Release|Mixed Platforms.Build.0 = net_4_5_Release|Any CPU
		{3B2A5653-EC97-4001-BB9B-D90F1AF2C371}.net_4_5_Release|x86.ActiveCfg = net_4_5_Release|Any CPU
		{3B2A5653-EC97-4001-BB9B-D90F1AF2C371}.Release|Any CPU.ActiveCfg = Release|Any CPU
		{3B2A5653-EC97-4001-BB9B-D90F1AF2C371}.Release|Any CPU.Build.0 = Release|Any CPU
		{3B2A5653-EC97-4001-BB9B-D90F1AF2C371}.Release|Mixed Platforms.ActiveCfg = Release|Any CPU
		{3B2A5653-EC97-4001-BB9B-D90F1AF2C371}.Release|Mixed Platforms.Build.0 = Release|Any CPU
		{3B2A5653-EC97-4001-BB9B-D90F1AF2C371}.Release|x86.ActiveCfg = Release|Any CPU
		{53DCA265-3C3C-42F9-B647-F72BA678122B}.Debug|Any CPU.ActiveCfg = Debug|Any CPU
		{53DCA265-3C3C-42F9-B647-F72BA678122B}.Debug|Any CPU.Build.0 = Debug|Any CPU
		{53DCA265-3C3C-42F9-B647-F72BA678122B}.Debug|Mixed Platforms.ActiveCfg = Debug|Any CPU
		{53DCA265-3C3C-42F9-B647-F72BA678122B}.Debug|Mixed Platforms.Build.0 = Debug|Any CPU
		{53DCA265-3C3C-42F9-B647-F72BA678122B}.Debug|x86.ActiveCfg = Debug|Any CPU
		{53DCA265-3C3C-42F9-B647-F72BA678122B}.net_4_5_Debug|Any CPU.ActiveCfg = net_4_5_Debug|Any CPU
		{53DCA265-3C3C-42F9-B647-F72BA678122B}.net_4_5_Debug|Any CPU.Build.0 = net_4_5_Debug|Any CPU
		{53DCA265-3C3C-42F9-B647-F72BA678122B}.net_4_5_Debug|Mixed Platforms.ActiveCfg = net_4_5_Debug|Any CPU
		{53DCA265-3C3C-42F9-B647-F72BA678122B}.net_4_5_Debug|Mixed Platforms.Build.0 = net_4_5_Debug|Any CPU
		{53DCA265-3C3C-42F9-B647-F72BA678122B}.net_4_5_Debug|x86.ActiveCfg = net_4_5_Debug|Any CPU
		{53DCA265-3C3C-42F9-B647-F72BA678122B}.net_4_5_Release|Any CPU.ActiveCfg = net_4_5_Release|Any CPU
		{53DCA265-3C3C-42F9-B647-F72BA678122B}.net_4_5_Release|Any CPU.Build.0 = net_4_5_Release|Any CPU
		{53DCA265-3C3C-42F9-B647-F72BA678122B}.net_4_5_Release|Mixed Platforms.ActiveCfg = net_4_5_Release|Any CPU
		{53DCA265-3C3C-42F9-B647-F72BA678122B}.net_4_5_Release|Mixed Platforms.Build.0 = net_4_5_Release|Any CPU
		{53DCA265-3C3C-42F9-B647-F72BA678122B}.net_4_5_Release|x86.ActiveCfg = net_4_5_Release|Any CPU
		{53DCA265-3C3C-42F9-B647-F72BA678122B}.Release|Any CPU.ActiveCfg = Release|Any CPU
		{53DCA265-3C3C-42F9-B647-F72BA678122B}.Release|Any CPU.Build.0 = Release|Any CPU
		{53DCA265-3C3C-42F9-B647-F72BA678122B}.Release|Mixed Platforms.ActiveCfg = Release|Any CPU
		{53DCA265-3C3C-42F9-B647-F72BA678122B}.Release|Mixed Platforms.Build.0 = Release|Any CPU
		{53DCA265-3C3C-42F9-B647-F72BA678122B}.Release|x86.ActiveCfg = Release|Any CPU
		{DC393B66-92ED-4CAD-AB25-CFEF23F3D7C6}.Debug|Any CPU.ActiveCfg = Debug|Any CPU
		{DC393B66-92ED-4CAD-AB25-CFEF23F3D7C6}.Debug|Any CPU.Build.0 = Debug|Any CPU
		{DC393B66-92ED-4CAD-AB25-CFEF23F3D7C6}.Debug|Mixed Platforms.ActiveCfg = Debug|Any CPU
		{DC393B66-92ED-4CAD-AB25-CFEF23F3D7C6}.Debug|Mixed Platforms.Build.0 = Debug|Any CPU
		{DC393B66-92ED-4CAD-AB25-CFEF23F3D7C6}.Debug|x86.ActiveCfg = Debug|Any CPU
		{DC393B66-92ED-4CAD-AB25-CFEF23F3D7C6}.net_4_5_Debug|Any CPU.ActiveCfg = net_4_5_Debug|Any CPU
		{DC393B66-92ED-4CAD-AB25-CFEF23F3D7C6}.net_4_5_Debug|Any CPU.Build.0 = net_4_5_Debug|Any CPU
		{DC393B66-92ED-4CAD-AB25-CFEF23F3D7C6}.net_4_5_Debug|Mixed Platforms.ActiveCfg = net_4_5_Debug|Any CPU
		{DC393B66-92ED-4CAD-AB25-CFEF23F3D7C6}.net_4_5_Debug|Mixed Platforms.Build.0 = net_4_5_Debug|Any CPU
		{DC393B66-92ED-4CAD-AB25-CFEF23F3D7C6}.net_4_5_Debug|x86.ActiveCfg = net_4_5_Debug|Any CPU
		{DC393B66-92ED-4CAD-AB25-CFEF23F3D7C6}.net_4_5_Release|Any CPU.ActiveCfg = net_4_5_Release|Any CPU
		{DC393B66-92ED-4CAD-AB25-CFEF23F3D7C6}.net_4_5_Release|Any CPU.Build.0 = net_4_5_Release|Any CPU
		{DC393B66-92ED-4CAD-AB25-CFEF23F3D7C6}.net_4_5_Release|Mixed Platforms.ActiveCfg = net_4_5_Release|Any CPU
		{DC393B66-92ED-4CAD-AB25-CFEF23F3D7C6}.net_4_5_Release|Mixed Platforms.Build.0 = net_4_5_Release|Any CPU
		{DC393B66-92ED-4CAD-AB25-CFEF23F3D7C6}.net_4_5_Release|x86.ActiveCfg = net_4_5_Release|Any CPU
		{DC393B66-92ED-4CAD-AB25-CFEF23F3D7C6}.Release|Any CPU.ActiveCfg = Release|Any CPU
		{DC393B66-92ED-4CAD-AB25-CFEF23F3D7C6}.Release|Any CPU.Build.0 = Release|Any CPU
		{DC393B66-92ED-4CAD-AB25-CFEF23F3D7C6}.Release|Mixed Platforms.ActiveCfg = Release|Any CPU
		{DC393B66-92ED-4CAD-AB25-CFEF23F3D7C6}.Release|Mixed Platforms.Build.0 = Release|Any CPU
		{DC393B66-92ED-4CAD-AB25-CFEF23F3D7C6}.Release|x86.ActiveCfg = Release|Any CPU
		{2A705FC6-1A9E-4941-9E47-254D79F2D9D5}.Debug|Any CPU.ActiveCfg = Debug|Any CPU
		{2A705FC6-1A9E-4941-9E47-254D79F2D9D5}.Debug|Any CPU.Build.0 = Debug|Any CPU
		{2A705FC6-1A9E-4941-9E47-254D79F2D9D5}.Debug|Mixed Platforms.ActiveCfg = Debug|Any CPU
		{2A705FC6-1A9E-4941-9E47-254D79F2D9D5}.Debug|Mixed Platforms.Build.0 = Debug|Any CPU
		{2A705FC6-1A9E-4941-9E47-254D79F2D9D5}.Debug|x86.ActiveCfg = Debug|Any CPU
		{2A705FC6-1A9E-4941-9E47-254D79F2D9D5}.net_4_5_Debug|Any CPU.ActiveCfg = net_4_5_Debug|Any CPU
		{2A705FC6-1A9E-4941-9E47-254D79F2D9D5}.net_4_5_Debug|Any CPU.Build.0 = net_4_5_Debug|Any CPU
		{2A705FC6-1A9E-4941-9E47-254D79F2D9D5}.net_4_5_Debug|Mixed Platforms.ActiveCfg = net_4_5_Debug|Any CPU
		{2A705FC6-1A9E-4941-9E47-254D79F2D9D5}.net_4_5_Debug|Mixed Platforms.Build.0 = net_4_5_Debug|Any CPU
		{2A705FC6-1A9E-4941-9E47-254D79F2D9D5}.net_4_5_Debug|x86.ActiveCfg = net_4_5_Debug|Any CPU
		{2A705FC6-1A9E-4941-9E47-254D79F2D9D5}.net_4_5_Release|Any CPU.ActiveCfg = net_4_5_Release|Any CPU
		{2A705FC6-1A9E-4941-9E47-254D79F2D9D5}.net_4_5_Release|Any CPU.Build.0 = net_4_5_Release|Any CPU
		{2A705FC6-1A9E-4941-9E47-254D79F2D9D5}.net_4_5_Release|Mixed Platforms.ActiveCfg = net_4_5_Release|Any CPU
		{2A705FC6-1A9E-4941-9E47-254D79F2D9D5}.net_4_5_Release|Mixed Platforms.Build.0 = net_4_5_Release|Any CPU
		{2A705FC6-1A9E-4941-9E47-254D79F2D9D5}.net_4_5_Release|x86.ActiveCfg = net_4_5_Release|Any CPU
		{2A705FC6-1A9E-4941-9E47-254D79F2D9D5}.Release|Any CPU.ActiveCfg = Release|Any CPU
		{2A705FC6-1A9E-4941-9E47-254D79F2D9D5}.Release|Any CPU.Build.0 = Release|Any CPU
		{2A705FC6-1A9E-4941-9E47-254D79F2D9D5}.Release|Mixed Platforms.ActiveCfg = Release|Any CPU
		{2A705FC6-1A9E-4941-9E47-254D79F2D9D5}.Release|Mixed Platforms.Build.0 = Release|Any CPU
		{2A705FC6-1A9E-4941-9E47-254D79F2D9D5}.Release|x86.ActiveCfg = Release|Any CPU
	EndGlobalSection
	GlobalSection(SolutionProperties) = preSolution
		HideSolutionNode = FALSE
	EndGlobalSection
EndGlobal
